
Microsoft Visual Studio Solution File, Format Version 12.00
# Visual Studio Version 17
VisualStudioVersion = 17.8.34525.116
MinimumVisualStudioVersion = 10.0.40219.1
Project("{9A19103F-16F7-4668-BE54-9A1E7A4F7556}") = "EscapePod", "EscapePod\EscapePod.csproj", "{D9363516-6D69-4858-889D-527DE90A2E72}"
EndProject
Project("{9A19103F-16F7-4668-BE54-9A1E7A4F7556}") = "EscapePod.Tests", "EscapePod.Tests\EscapePod.Tests.csproj", "{8024B7C0-7044-4817-B380-B0D73FA6637F}"
EndProject
Global
	GlobalSection(SolutionConfigurationPlatforms) = preSolution
		Debug|Any CPU = Debug|Any CPU
		Release|Any CPU = Release|Any CPU
	EndGlobalSection
	GlobalSection(ProjectConfigurationPlatforms) = postSolution
		{D9363516-6D69-4858-889D-527DE90A2E72}.Debug|Any CPU.ActiveCfg = Debug|Any CPU
		{D9363516-6D69-4858-889D-527DE90A2E72}.Debug|Any CPU.Build.0 = Debug|Any CPU
		{D9363516-6D69-4858-889D-527DE90A2E72}.Release|Any CPU.ActiveCfg = Release|Any CPU
		{D9363516-6D69-4858-889D-527DE90A2E72}.Release|Any CPU.Build.0 = Release|Any CPU
		{8024B7C0-7044-4817-B380-B0D73FA6637F}.Debug|Any CPU.ActiveCfg = Debug|Any CPU
		{8024B7C0-7044-4817-B380-B0D73FA6637F}.Debug|Any CPU.Build.0 = Debug|Any CPU
		{8024B7C0-7044-4817-B380-B0D73FA6637F}.Release|Any CPU.ActiveCfg = Release|Any CPU
		{8024B7C0-7044-4817-B380-B0D73FA6637F}.Release|Any CPU.Build.0 = Release|Any CPU
	EndGlobalSection
	GlobalSection(SolutionProperties) = preSolution
		HideSolutionNode = FALSE
	EndGlobalSection
	GlobalSection(ExtensibilityGlobals) = postSolution
		SolutionGuid = {EF8E4049-B0CD-4189-AC86-9DAD603BD98B}
	EndGlobalSection
EndGlobal
